
Microsoft Visual Studio Solution File, Format Version 12.00
# Visual Studio Version 17
VisualStudioVersion = 17.9.34728.123
MinimumVisualStudioVersion = 10.0.40219.1
Project("{9A19103F-16F7-4668-BE54-9A1E7A4F7556}") = "PracticaOCP", "PracticaOCP\PracticaOCP.csproj", "{073F9057-049E-4667-9B36-3706A0D0527D}"
EndProject
Project("{FAE04EC0-301F-11D3-BF4B-00C04F79EFBC}") = "Program", "Program\Program.csproj", "{2F37258D-8B0A-489E-81D5-126F851BDD60}"
EndProject
Global
	GlobalSection(SolutionConfigurationPlatforms) = preSolution
		Debug|Any CPU = Debug|Any CPU
		Release|Any CPU = Release|Any CPU
	EndGlobalSection
	GlobalSection(ProjectConfigurationPlatforms) = postSolution
		{073F9057-049E-4667-9B36-3706A0D0527D}.Debug|Any CPU.ActiveCfg = Debug|Any CPU
		{073F9057-049E-4667-9B36-3706A0D0527D}.Debug|Any CPU.Build.0 = Debug|Any CPU
		{073F9057-049E-4667-9B36-3706A0D0527D}.Release|Any CPU.ActiveCfg = Release|Any CPU
		{073F9057-049E-4667-9B36-3706A0D0527D}.Release|Any CPU.Build.0 = Release|Any CPU
		{2F37258D-8B0A-489E-81D5-126F851BDD60}.Debug|Any CPU.ActiveCfg = Debug|Any CPU
		{2F37258D-8B0A-489E-81D5-126F851BDD60}.Debug|Any CPU.Build.0 = Debug|Any CPU
		{2F37258D-8B0A-489E-81D5-126F851BDD60}.Release|Any CPU.ActiveCfg = Release|Any CPU
		{2F37258D-8B0A-489E-81D5-126F851BDD60}.Release|Any CPU.Build.0 = Release|Any CPU
	EndGlobalSection
	GlobalSection(SolutionProperties) = preSolution
		HideSolutionNode = FALSE
	EndGlobalSection
	GlobalSection(ExtensibilityGlobals) = postSolution
		SolutionGuid = {C2E684AA-96B5-490E-8EB8-0970D825251B}
	EndGlobalSection
EndGlobal
